
Microsoft Visual Studio Solution File, Format Version 12.00
# Visual Studio Version 17
VisualStudioVersion = 17.4.33213.308
MinimumVisualStudioVersion = 10.0.40219.1
Project("{FAE04EC0-301F-11D3-BF4B-00C04F79EFBC}") = "EPG-translate", "EPG-translate\EPG-translate.csproj", "{6C2E5588-54AB-4731-8C79-4B5D347D2F21}"
EndProject
Global
	GlobalSection(SolutionConfigurationPlatforms) = preSolution
		Debug|Any CPU = Debug|Any CPU
		Release|Any CPU = Release|Any CPU
	EndGlobalSection
	GlobalSection(ProjectConfigurationPlatforms) = postSolution
		{6C2E5588-54AB-4731-8C79-4B5D347D2F21}.Debug|Any CPU.ActiveCfg = Debug|Any CPU
		{6C2E5588-54AB-4731-8C79-4B5D347D2F21}.Debug|Any CPU.Build.0 = Debug|Any CPU
		{6C2E5588-54AB-4731-8C79-4B5D347D2F21}.Release|Any CPU.ActiveCfg = Release|Any CPU
		{6C2E5588-54AB-4731-8C79-4B5D347D2F21}.Release|Any CPU.Build.0 = Release|Any CPU
	EndGlobalSection
	GlobalSection(SolutionProperties) = preSolution
		HideSolutionNode = FALSE
	EndGlobalSection
	GlobalSection(ExtensibilityGlobals) = postSolution
		SolutionGuid = {AA7A8359-DAC9-427E-8E68-6655E7B923EB}
	EndGlobalSection
EndGlobal
